
Microsoft Visual Studio Solution File, Format Version 12.00
Project("{FAE04EC0-301F-11D3-BF4B-00C04F79EFBC}") = "Cloudy", "src\Cloudy\Cloudy.csproj", "{4FF2F805-CBEC-4A48-8EFC-52B5341A30D1}"
EndProject
Project("{2150E333-8FDC-42A3-9474-1A3956D46DE8}") = ".github", ".github", "{3379C907-C759-47A0-89A9-B8AA3EFD790E}"
	ProjectSection(SolutionItems) = preProject
		.github\workflows\release.yml = .github\workflows\release.yml
	EndProjectSection
EndProject
Global
	GlobalSection(SolutionConfigurationPlatforms) = preSolution
		Debug|Any CPU = Debug|Any CPU
		Release|Any CPU = Release|Any CPU
	EndGlobalSection
	GlobalSection(ProjectConfigurationPlatforms) = postSolution
		{4FF2F805-CBEC-4A48-8EFC-52B5341A30D1}.Debug|Any CPU.ActiveCfg = Debug|Any CPU
		{4FF2F805-CBEC-4A48-8EFC-52B5341A30D1}.Debug|Any CPU.Build.0 = Debug|Any CPU
		{4FF2F805-CBEC-4A48-8EFC-52B5341A30D1}.Release|Any CPU.ActiveCfg = Release|Any CPU
		{4FF2F805-CBEC-4A48-8EFC-52B5341A30D1}.Release|Any CPU.Build.0 = Release|Any CPU
	EndGlobalSection
EndGlobal
